Microsoft Visual Studio Solution File, Format Version 12.00
# Visual Studio Version 17
VisualStudioVersion = 17.5.2.0
MinimumVisualStudioVersion = 10.0.40219.1
Project("{FAE04EC0-301F-11D3-BF4B-00C04F79EFBC}") = "db-app", "db-app.csproj", "{CAF0A9FD-F389-4049-835A-C16CCCC5FF57}"
EndProject
Global
	GlobalSection(SolutionConfigurationPlatforms) = preSolution
		Debug|Any CPU = Debug|Any CPU
		Release|Any CPU = Release|Any CPU
	EndGlobalSection
	GlobalSection(ProjectConfigurationPlatforms) = postSolution
		{CAF0A9FD-F389-4049-835A-C16CCCC5FF57}.Debug|Any CPU.ActiveCfg = Debug|Any CPU
		{CAF0A9FD-F389-4049-835A-C16CCCC5FF57}.Debug|Any CPU.Build.0 = Debug|Any CPU
		{CAF0A9FD-F389-4049-835A-C16CCCC5FF57}.Release|Any CPU.ActiveCfg = Release|Any CPU
		{CAF0A9FD-F389-4049-835A-C16CCCC5FF57}.Release|Any CPU.Build.0 = Release|Any CPU
	EndGlobalSection
	GlobalSection(SolutionProperties) = preSolution
		HideSolutionNode = FALSE
	EndGlobalSection
	GlobalSection(ExtensibilityGlobals) = postSolution
		SolutionGuid = {51421856-267B-4FDE-BC91-F4BF3D834BA5}
	EndGlobalSection
EndGlobal
